// !$*UTF8*$!
{
	archiveVersion = 1;
	classes = {
	};
	objectVersion = 77;
	objects = {

/* Begin PBXBuildFile section */
		589FCFD32F1817D400946FE6 /* WidgetKit.framework in Frameworks */ = {isa = PBXBuildFile; fileRef = 58671C912F17DC6E0020DB7C /* WidgetKit.framework */; };
		589FCFD42F1817D400946FE6 /* SwiftUI.framework in Frameworks */ = {isa = PBXBuildFile; fileRef = 58671C932F17DC6F0020DB7C /* SwiftUI.framework */; };
		589FCFE32F1817D600946FE6 /* QuoteVaultWidgetExtension.appex in Embed Foundation Extensions */ = {isa = PBXBuildFile; fileRef = 589FCFD22F1817D400946FE6 /* QuoteVaultWidgetExtension.appex */; settings = {ATTRIBUTES = (RemoveHeadersOnCopy, ); }; };
		58C1388B2F16CDD6008DD482 /* Supabase in Frameworks */ = {isa = PBXBuildFile; productRef = 58C1388A2F16CDD6008DD482 /* Supabase */; };
/* End PBXBuildFile section */

/* Begin PBXContainerItemProxy section */
		589FCFE12F1817D600946FE6 /* PBXContainerItemProxy */ = {
			isa = PBXContainerItemProxy;
			containerPortal = 58C138122F16BD0F008DD482 /* Project object */;
			proxyType = 1;
			remoteGlobalIDString = 589FCFD12F1817D400946FE6;
			remoteInfo = QuoteVaultWidgetExtension;
		};
		58C138282F16BD11008DD482 /* PBXContainerItemProxy */ = {
			isa = PBXContainerItemProxy;
			containerPortal = 58C138122F16BD0F008DD482 /* Project object */;
			proxyType = 1;
			remoteGlobalIDString = 58C138192F16BD0F008DD482;
			remoteInfo = QuoteVault;
		};
		58C138322F16BD11008DD482 /* PBXContainerItemProxy */ = {
			isa = PBXContainerItemProxy;
			containerPortal = 58C138122F16BD0F008DD482 /* Project object */;
			proxyType = 1;
			remoteGlobalIDString = 58C138192F16BD0F008DD482;
			remoteInfo = QuoteVault;
		};
/* End PBXContainerItemProxy section */

/* Begin PBXCopyFilesBuildPhase section */
		58671CA82F17DC710020DB7C /* Embed Foundation Extensions */ = {
			isa = PBXCopyFilesBuildPhase;
			buildActionMask = 2147483647;
			dstPath = "";
			dstSubfolderSpec = 13;
			files = (
				589FCFE32F1817D600946FE6 /* QuoteVaultWidgetExtension.appex in Embed Foundation Extensions */,
			);
			name = "Embed Foundation Extensions";
			runOnlyForDeploymentPostprocessing = 0;
		};
/* End PBXCopyFilesBuildPhase section */

/* Begin PBXFileReference section */
		58671C912F17DC6E0020DB7C /* WidgetKit.framework */ = {isa = PBXFileReference; lastKnownFileType = wrapper.framework; name = WidgetKit.framework; path = System/Library/Frameworks/WidgetKit.framework; sourceTree = SDKROOT; };
		58671C932F17DC6F0020DB7C /* SwiftUI.framework */ = {isa = PBXFileReference; lastKnownFileType = wrapper.framework; name = SwiftUI.framework; path = System/Library/Frameworks/SwiftUI.framework; sourceTree = SDKROOT; };
		589FCFD22F1817D400946FE6 /* QuoteVaultWidgetExtension.appex */ = {isa = PBXFileReference; explicitFileType = "wrapper.app-extension"; includeInIndex = 0; path = QuoteVaultWidgetExtension.appex; sourceTree = BUILT_PRODUCTS_DIR; };
		589FD04C2F181A3D00946FE6 /* QuoteVaultWidgetExtension.entitlements */ = {isa = PBXFileReference; lastKnownFileType = text.plist.entitlements; path = QuoteVaultWidgetExtension.entitlements; sourceTree = "<group>"; };
		58C1381A2F16BD0F008DD482 /* QuoteVault.app */ = {isa = PBXFileReference; explicitFileType = wrapper.application; includeInIndex = 0; path = QuoteVault.app; sourceTree = BUILT_PRODUCTS_DIR; };
		58C138272F16BD11008DD482 /* QuoteVaultTests.xctest */ = {isa = PBXFileReference; explicitFileType = wrapper.cfbundle; includeInIndex = 0; path = QuoteVaultTests.xctest; sourceTree = BUILT_PRODUCTS_DIR; };
		58C138312F16BD11008DD482 /* QuoteVaultUITests.xctest */ = {isa = PBXFileReference; explicitFileType = wrapper.cfbundle; includeInIndex = 0; path = QuoteVaultUITests.xctest; sourceTree = BUILT_PRODUCTS_DIR; };
/* End PBXFileReference section */

/* Begin PBXFileSystemSynchronizedBuildFileExceptionSet section */
		589FCFE72F1817D600946FE6 /* Exceptions for "QuoteVaultWidget" folder in "QuoteVaultWidgetExtension" target */ = {
			isa = PBXFileSystemSynchronizedBuildFileExceptionSet;
			membershipExceptions = (
				Info.plist,
			);
			target = 589FCFD12F1817D400946FE6 /* QuoteVaultWidgetExtension */;
		};
		58F7E2D32F18096F00649302 /* Exceptions for "QuoteVault" folder in "QuoteVault" target */ = {
			isa = PBXFileSystemSynchronizedBuildFileExceptionSet;
			membershipExceptions = (
				Widget/QuoteProvider.swift,
				Widget/QuoteVaultWidget.swift,
				Widget/QuoteWidgetView.swift,
			);
			target = 58C138192F16BD0F008DD482 /* QuoteVault */;
		};
/* End PBXFileSystemSynchronizedBuildFileExceptionSet section */

/* Begin PBXFileSystemSynchronizedRootGroup section */
		589FCFD52F1817D400946FE6 /* QuoteVaultWidget */ = {
			isa = PBXFileSystemSynchronizedRootGroup;
			exceptions = (
				589FCFE72F1817D600946FE6 /* Exceptions for "QuoteVaultWidget" folder in "QuoteVaultWidgetExtension" target */,
			);
			path = QuoteVaultWidget;
			sourceTree = "<group>";
		};
		58C1381C2F16BD0F008DD482 /* QuoteVault */ = {
			isa = PBXFileSystemSynchronizedRootGroup;
			exceptions = (
				58F7E2D32F18096F00649302 /* Exceptions for "QuoteVault" folder in "QuoteVault" target */,
			);
			path = QuoteVault;
			sourceTree = "<group>";
		};
		58C1382A2F16BD11008DD482 /* QuoteVaultTests */ = {
			isa = PBXFileSystemSynchronizedRootGroup;
			path = QuoteVaultTests;
			sourceTree = "<group>";
		};
		58C138342F16BD11008DD482 /* QuoteVaultUITests */ = {
			isa = PBXFileSystemSynchronizedRootGroup;
			path = QuoteVaultUITests;
			sourceTree = "<group>";
		};
/* End PBXFileSystemSynchronizedRootGroup section */

/* Begin PBXFrameworksBuildPhase section */
		589FCFCF2F1817D400946FE6 /* Frameworks */ = {
			isa = PBXFrameworksBuildPhase;
			buildActionMask = 2147483647;
			files = (
				589FCFD42F1817D400946FE6 /* SwiftUI.framework in Frameworks */,
				589FCFD32F1817D400946FE6 /* WidgetKit.framework in Frameworks */,
			);
			runOnlyForDeploymentPostprocessing = 0;
		};
		58C138172F16BD0F008DD482 /* Frameworks */ = {
			isa = PBXFrameworksBuildPhase;
			buildActionMask = 2147483647;
			files = (
				58C1388B2F16CDD6008DD482 /* Supabase in Frameworks */,
			);
			runOnlyForDeploymentPostprocessing = 0;
		};
		58C138242F16BD11008DD482 /* Frameworks */ = {
			isa = PBXFrameworksBuildPhase;
			buildActionMask = 2147483647;
			files = (
			);
			runOnlyForDeploymentPostprocessing = 0;
		};
		58C1382E2F16BD11008DD482 /* Frameworks */ = {
			isa = PBXFrameworksBuildPhase;
			buildActionMask = 2147483647;
			files = (
			);
			runOnlyForDeploymentPostprocessing = 0;
		};
/* End PBXFrameworksBuildPhase section */

/* Begin PBXGroup section */
		58C138112F16BD0F008DD482 = {
			isa = PBXGroup;
			children = (
				589FD04C2F181A3D00946FE6 /* QuoteVaultWidgetExtension.entitlements */,
				58C1381C2F16BD0F008DD482 /* QuoteVault */,
				58C1382A2F16BD11008DD482 /* QuoteVaultTests */,
				58C138342F16BD11008DD482 /* QuoteVaultUITests */,
				589FCFD52F1817D400946FE6 /* QuoteVaultWidget */,
				58C138892F16CDCA008DD482 /* Frameworks */,
				58C1381B2F16BD0F008DD482 /* Products */,
			);
			sourceTree = "<group>";
		};
		58C1381B2F16BD0F008DD482 /* Products */ = {
			isa = PBXGroup;
			children = (
				58C1381A2F16BD0F008DD482 /* QuoteVault.app */,
				58C138272F16BD11008DD482 /* QuoteVaultTests.xctest */,
				58C138312F16BD11008DD482 /* QuoteVaultUITests.xctest */,
				589FCFD22F1817D400946FE6 /* QuoteVaultWidgetExtension.appex */,
			);
			name = Products;
			sourceTree = "<group>";
		};
		58C138892F16CDCA008DD482 /* Frameworks */ = {
			isa = PBXGroup;
			children = (
				58671C912F17DC6E0020DB7C /* WidgetKit.framework */,
				58671C932F17DC6F0020DB7C /* SwiftUI.framework */,
			);
			name = Frameworks;
			sourceTree = "<group>";
		};
/* End PBXGroup section */

/* Begin PBXNativeTarget section */
		589FCFD12F1817D400946FE6 /* QuoteVaultWidgetExtension */ = {
			isa = PBXNativeTarget;
			buildConfigurationList = 589FCFE62F1817D600946FE6 /* Build configuration list for PBXNativeTarget "QuoteVaultWidgetExtension" */;
			buildPhases = (
				589FCFCE2F1817D400946FE6 /* Sources */,
				589FCFCF2F1817D400946FE6 /* Frameworks */,
				589FCFD02F1817D400946FE6 /* Resources */,
			);
			buildRules = (
			);
			dependencies = (
			);
			fileSystemSynchronizedGroups = (
				589FCFD52F1817D400946FE6 /* QuoteVaultWidget */,
			);
			name = QuoteVaultWidgetExtension;
			packageProductDependencies = (
			);
			productName = QuoteVaultWidgetExtension;
			productReference = 589FCFD22F1817D400946FE6 /* QuoteVaultWidgetExtension.appex */;
			productType = "com.apple.product-type.app-extension";
		};
		58C138192F16BD0F008DD482 /* QuoteVault */ = {
			isa = PBXNativeTarget;
			buildConfigurationList = 58C1383B2F16BD11008DD482 /* Build configuration list for PBXNativeTarget "QuoteVault" */;
			buildPhases = (
				58C138162F16BD0F008DD482 /* Sources */,
				58C138172F16BD0F008DD482 /* Frameworks */,
				58C138182F16BD0F008DD482 /* Resources */,
				58671CA82F17DC710020DB7C /* Embed Foundation Extensions */,
			);
			buildRules = (
			);
			dependencies = (
				589FCFE22F1817D600946FE6 /* PBXTargetDependency */,
			);
			fileSystemSynchronizedGroups = (
				58C1381C2F16BD0F008DD482 /* QuoteVault */,
			);
			name = QuoteVault;
			packageProductDependencies = (
				58C1388A2F16CDD6008DD482 /* Supabase */,
			);
			productName = QuoteVault;
			productReference = 58C1381A2F16BD0F008DD482 /* QuoteVault.app */;
			productType = "com.apple.product-type.application";
		};
		58C138262F16BD11008DD482 /* QuoteVaultTests */ = {
			isa = PBXNativeTarget;
			buildConfigurationList = 58C1383E2F16BD11008DD482 /* Build configuration list for PBXNativeTarget "QuoteVaultTests" */;
			buildPhases = (
				58C138232F16BD11008DD482 /* Sources */,
				58C138242F16BD11008DD482 /* Frameworks */,
				58C138252F16BD11008DD482 /* Resources */,
			);
			buildRules = (
			);
			dependencies = (
				58C138292F16BD11008DD482 /* PBXTargetDependency */,
			);
			fileSystemSynchronizedGroups = (
				58C1382A2F16BD11008DD482 /* QuoteVaultTests */,
			);
			name = QuoteVaultTests;
			packageProductDependencies = (
			);
			productName = QuoteVaultTests;
			productReference = 58C138272F16BD11008DD482 /* QuoteVaultTests.xctest */;
			productType = "com.apple.product-type.bundle.unit-test";
		};
		58C138302F16BD11008DD482 /* QuoteVaultUITests */ = {
			isa = PBXNativeTarget;
			buildConfigurationList = 58C138412F16BD11008DD482 /* Build configuration list for PBXNativeTarget "QuoteVaultUITests" */;
			buildPhases = (
				58C1382D2F16BD11008DD482 /* Sources */,
				58C1382E2F16BD11008DD482 /* Frameworks */,
				58C1382F2F16BD11008DD482 /* Resources */,
			);
			buildRules = (
			);
			dependencies = (
				58C138332F16BD11008DD482 /* PBXTargetDependency */,
			);
			fileSystemSynchronizedGroups = (
				58C138342F16BD11008DD482 /* QuoteVaultUITests */,
			);
			name = QuoteVaultUITests;
			packageProductDependencies = (
			);
			productName = QuoteVaultUITests;
			productReference = 58C138312F16BD11008DD482 /* QuoteVaultUITests.xctest */;
			productType = "com.apple.product-type.bundle.ui-testing";
		};
/* End PBXNativeTarget section */

/* Begin PBXProject section */
		58C138122F16BD0F008DD482 /* Project object */ = {
			isa = PBXProject;
			attributes = {
				BuildIndependentTargetsInParallel = 1;
				LastSwiftUpdateCheck = 1640;
				LastUpgradeCheck = 1640;
				TargetAttributes = {
					589FCFD12F1817D400946FE6 = {
						CreatedOnToolsVersion = 16.4;
					};
					58C138192F16BD0F008DD482 = {
						CreatedOnToolsVersion = 16.4;
					};
					58C138262F16BD11008DD482 = {
						CreatedOnToolsVersion = 16.4;
						TestTargetID = 58C138192F16BD0F008DD482;
					};
					58C138302F16BD11008DD482 = {
						CreatedOnToolsVersion = 16.4;
						TestTargetID = 58C138192F16BD0F008DD482;
					};
				};
			};
			buildConfigurationList = 58C138152F16BD0F008DD482 /* Build configuration list for PBXProject "QuoteVault" */;
			developmentRegion = en;
			hasScannedForEncodings = 0;
			knownRegions = (
				en,
				Base,
			);
			mainGroup = 58C138112F16BD0F008DD482;
			minimizedProjectReferenceProxies = 1;
			packageReferences = (
				58C138882F16CDA7008DD482 /* XCRemoteSwiftPackageReference "supabase-swift" */,
			);
			preferredProjectObjectVersion = 77;
			productRefGroup = 58C1381B2F16BD0F008DD482 /* Products */;
			projectDirPath = "";
			projectRoot = "";
			targets = (
				58C138192F16BD0F008DD482 /* QuoteVault */,
				58C138262F16BD11008DD482 /* QuoteVaultTests */,
				58C138302F16BD11008DD482 /* QuoteVaultUITests */,
				589FCFD12F1817D400946FE6 /* QuoteVaultWidgetExtension */,
			);
		};
/* End PBXProject section */

/* Begin PBXResourcesBuildPhase section */
		589FCFD02F1817D400946FE6 /* Resources */ = {
			isa = PBXResourcesBuildPhase;
			buildActionMask = 2147483647;
			files = (
			);
			runOnlyForDeploymentPostprocessing = 0;
		};
		58C138182F16BD0F008DD482 /* Resources */ = {
			isa = PBXResourcesBuildPhase;
			buildActionMask = 2147483647;
			files = (
			);
			runOnlyForDeploymentPostprocessing = 0;
		};
		58C138252F16BD11008DD482 /* Resources */ = {
			isa = PBXResourcesBuildPhase;
			buildActionMask = 2147483647;
			files = (
			);
			runOnlyForDeploymentPostprocessing = 0;
		};
		58C1382F2F16BD11008DD482 /* Resources */ = {
			isa = PBXResourcesBuildPhase;
			buildActionMask = 2147483647;
			files = (
			);
			runOnlyForDeploymentPostprocessing = 0;
		};
/* End PBXResourcesBuildPhase section */

/* Begin PBXSourcesBuildPhase section */
		589FCFCE2F1817D400946FE6 /* Sources */ = {
			isa = PBXSourcesBuildPhase;
			buildActionMask = 2147483647;
			files = (
			);
			runOnlyForDeploymentPostprocessing = 0;
		};
		58C138162F16BD0F008DD482 /* Sources */ = {
			isa = PBXSourcesBuildPhase;
			buildActionMask = 2147483647;
			files = (
			);
			runOnlyForDeploymentPostprocessing = 0;
		};
		58C138232F16BD11008DD482 /* Sources */ = {
			isa = PBXSourcesBuildPhase;
			buildActionMask = 2147483647;
			files = (
			);
			runOnlyForDeploymentPostprocessing = 0;
		};
		58C1382D2F16BD11008DD482 /* Sources */ = {
			isa = PBXSourcesBuildPhase;
			buildActionMask = 2147483647;
			files = (
			);
			runOnlyForDeploymentPostprocessing = 0;
		};
/* End PBXSourcesBuildPhase section */

/* Begin PBXTargetDependency section */
		589FCFE22F1817D600946FE6 /* PBXTargetDependency */ = {
			isa = PBXTargetDependency;
			target = 589FCFD12F1817D400946FE6 /* QuoteVaultWidgetExtension */;
			targetProxy = 589FCFE12F1817D600946FE6 /* PBXContainerItemProxy */;
		};
		58C138292F16BD11008DD482 /* PBXTargetDependency */ = {
			isa = PBXTargetDependency;
			target = 58C138192F16BD0F008DD482 /* QuoteVault */;
			targetProxy = 58C138282F16BD11008DD482 /* PBXContainerItemProxy */;
		};
		58C138332F16BD11008DD482 /* PBXTargetDependency */ = {
			isa = PBXTargetDependency;
			target = 58C138192F16BD0F008DD482 /* QuoteVault */;
			targetProxy = 58C138322F16BD11008DD482 /* PBXContainerItemProxy */;
		};
/* End PBXTargetDependency section */

/* Begin XCBuildConfiguration section */
		589FCFE42F1817D600946FE6 /* Debug */ = {
			isa = XCBuildConfiguration;
			buildSettings = {
				ASSETCATALOG_COMPILER_GLOBAL_ACCENT_COLOR_NAME = AccentColor;
				ASSETCATALOG_COMPILER_WIDGET_BACKGROUND_COLOR_NAME = WidgetBackground;
				CODE_SIGN_ENTITLEMENTS = QuoteVaultWidgetExtension.entitlements;
				CODE_SIGN_STYLE = Automatic;
				CURRENT_PROJECT_VERSION = 1;
				DEVELOPMENT_TEAM = U27VXA72SS;
				GENERATE_INFOPLIST_FILE = YES;
				INFOPLIST_FILE = QuoteVaultWidget/Info.plist;
				INFOPLIST_KEY_CFBundleDisplayName = QuoteVaultWidget;
				INFOPLIST_KEY_NSHumanReadableCopyright = "";
				LD_RUNPATH_SEARCH_PATHS = (
					"$(inherited)",
					"@executable_path/Frameworks",
					"@executable_path/../../Frameworks",
				);
				MARKETING_VERSION = 1.0;
				PRODUCT_BUNDLE_IDENTIFIER = com.sanan.quotevault.QuoteVaultWidget;
				PRODUCT_NAME = "$(TARGET_NAME)";
				SKIP_INSTALL = YES;
				SWIFT_EMIT_LOC_STRINGS = YES;
				SWIFT_VERSION = 5.0;
				TARGETED_DEVICE_FAMILY = "1,2";
			};
			name = Debug;
		};
		589FCFE52F1817D600946FE6 /* Release */ = {
			isa = XCBuildConfiguration;
			buildSettings = {
				ASSETCATALOG_COMPILER_GLOBAL_ACCENT_COLOR_NAME = AccentColor;
				ASSETCATALOG_COMPILER_WIDGET_BACKGROUND_COLOR_NAME = WidgetBackground;
				CODE_SIGN_ENTITLEMENTS = QuoteVaultWidgetExtension.entitlements;
				CODE_SIGN_STYLE = Automatic;
				CURRENT_PROJECT_VERSION = 1;
				DEVELOPMENT_TEAM = U27VXA72SS;
				GENERATE_INFOPLIST_FILE = YES;
				INFOPLIST_FILE = QuoteVaultWidget/Info.plist;
				INFOPLIST_KEY_CFBundleDisplayName = QuoteVaultWidget;
				INFOPLIST_KEY_NSHumanReadableCopyright = "";
				LD_RUNPATH_SEARCH_PATHS = (
					"$(inherited)",
					"@executable_path/Frameworks",
					"@executable_path/../../Frameworks",
				);
				MARKETING_VERSION = 1.0;
				PRODUCT_BUNDLE_IDENTIFIER = com.sanan.quotevault.QuoteVaultWidget;
				PRODUCT_NAME = "$(TARGET_NAME)";
				SKIP_INSTALL = YES;
				SWIFT_EMIT_LOC_STRINGS = YES;
				SWIFT_VERSION = 5.0;
				TARGETED_DEVICE_FAMILY = "1,2";
			};
			name = Release;
		};
		58C138392F16BD11008DD482 /* Debug */ = {
			isa = XCBuildConfiguration;
			buildSettings = {
				ALWAYS_SEARCH_USER_PATHS = NO;
				ASSETCATALOG_COMPILER_GENERATE_SWIFT_ASSET_SYMBOL_EXTENSIONS = YES;
				CLANG_ANALYZER_NONNULL = YES;
				CLANG_ANALYZER_NUMBER_OBJECT_CONVERSION = YES_AGGRESSIVE;
				CLANG_CXX_LANGUAGE_STANDARD = "gnu++20";
				CLANG_ENABLE_MODULES = YES;
				CLANG_ENABLE_OBJC_ARC = YES;
				CLANG_ENABLE_OBJC_WEAK = YES;
				CLANG_WARN_BLOCK_CAPTURE_AUTORELEASING = YES;
				CLANG_WARN_BOOL_CONVERSION = YES;
				CLANG_WARN_COMMA = YES;
				CLANG_WARN_CONSTANT_CONVERSION = YES;
				CLANG_WARN_DEPRECATED_OBJC_IMPLEMENTATIONS = YES;
				CLANG_WARN_DIRECT_OBJC_ISA_USAGE = YES_ERROR;
				CLANG_WARN_DOCUMENTATION_COMMENTS = YES;
				CLANG_WARN_EMPTY_BODY = YES;
				CLANG_WARN_ENUM_CONVERSION = YES;
				CLANG_WARN_INFINITE_RECURSION = YES;
				CLANG_WARN_INT_CONVERSION = YES;
				CLANG_WARN_NON_LITERAL_NULL_CONVERSION = YES;
				CLANG_WARN_OBJC_IMPLICIT_RETAIN_SELF = YES;
				CLANG_WARN_OBJC_LITERAL_CONVERSION = YES;
				CLANG_WARN_OBJC_ROOT_CLASS = YES_ERROR;
				CLANG_WARN_QUOTED_INCLUDE_IN_FRAMEWORK_HEADER = YES;
				CLANG_WARN_RANGE_LOOP_ANALYSIS = YES;
				CLANG_WARN_STRICT_PROTOTYPES = YES;
				CLANG_WARN_SUSPICIOUS_MOVE = YES;
				CLANG_WARN_UNGUARDED_AVAILABILITY = YES_AGGRESSIVE;
				CLANG_WARN_UNREACHABLE_CODE = YES;
				CLANG_WARN__DUPLICATE_METHOD_MATCH = YES;
				COPY_PHASE_STRIP = NO;
				DEBUG_INFORMATION_FORMAT = dwarf;
				DEVELOPMENT_TEAM = U27VXA72SS;
				ENABLE_STRICT_OBJC_MSGSEND = YES;
				ENABLE_TESTABILITY = YES;
				ENABLE_USER_SCRIPT_SANDBOXING = YES;
				GCC_C_LANGUAGE_STANDARD = gnu17;
				GCC_DYNAMIC_NO_PIC = NO;
				GCC_NO_COMMON_BLOCKS = YES;
				GCC_OPTIMIZATION_LEVEL = 0;
				GCC_PREPROCESSOR_DEFINITIONS = (
					"DEBUG=1",
					"$(inherited)",
				);
				GCC_WARN_64_TO_32_BIT_CONVERSION = YES;
				GCC_WARN_ABOUT_RETURN_TYPE = YES_ERROR;
				GCC_WARN_UNDECLARED_SELECTOR = YES;
				GCC_WARN_UNINITIALIZED_AUTOS = YES_AGGRESSIVE;
				GCC_WARN_UNUSED_FUNCTION = YES;
				GCC_WARN_UNUSED_VARIABLE = YES;
				IPHONEOS_DEPLOYMENT_TARGET = 18.5;
				LOCALIZATION_PREFERS_STRING_CATALOGS = YES;
				MTL_ENABLE_DEBUG_INFO = INCLUDE_SOURCE;
				MTL_FAST_MATH = YES;
				ONLY_ACTIVE_ARCH = YES;
				SDKROOT = iphoneos;
				SWIFT_ACTIVE_COMPILATION_CONDITIONS = "DEBUG $(inherited)";
				SWIFT_OPTIMIZATION_LEVEL = "-Onone";
			};
			name = Debug;
		};
		58C1383A2F16BD11008DD482 /* Release */ = {
			isa = XCBuildConfiguration;
			buildSettings = {
				ALWAYS_SEARCH_USER_PATHS = NO;
				ASSETCATALOG_COMPILER_GENERATE_SWIFT_ASSET_SYMBOL_EXTENSIONS = YES;
				CLANG_ANALYZER_NONNULL = YES;
				CLANG_ANALYZER_NUMBER_OBJECT_CONVERSION = YES_AGGRESSIVE;
				CLANG_CXX_LANGUAGE_STANDARD = "gnu++20";
				CLANG_ENABLE_MODULES = YES;
				CLANG_ENABLE_OBJC_ARC = YES;
				CLANG_ENABLE_OBJC_WEAK = YES;
				CLANG_WARN_BLOCK_CAPTURE_AUTORELEASING = YES;
				CLANG_WARN_BOOL_CONVERSION = YES;
				CLANG_WARN_COMMA = YES;
				CLANG_WARN_CONSTANT_CONVERSION = YES;
				CLANG_WARN_DEPRECATED_OBJC_IMPLEMENTATIONS = YES;
				CLANG_WARN_DIRECT_OBJC_ISA_USAGE = YES_ERROR;
				CLANG_WARN_DOCUMENTATION_COMMENTS = YES;
				CLANG_WARN_EMPTY_BODY = YES;
				CLANG_WARN_ENUM_CONVERSION = YES;
				CLANG_WARN_INFINITE_RECURSION = YES;
				CLANG_WARN_INT_CONVERSION = YES;
				CLANG_WARN_NON_LITERAL_NULL_CONVERSION = YES;
				CLANG_WARN_OBJC_IMPLICIT_RETAIN_SELF = YES;
				CLANG_WARN_OBJC_LITERAL_CONVERSION = YES;
				CLANG_WARN_OBJC_ROOT_CLASS = YES_ERROR;
				CLANG_WARN_QUOTED_INCLUDE_IN_FRAMEWORK_HEADER = YES;
				CLANG_WARN_RANGE_LOOP_ANALYSIS = YES;
				CLANG_WARN_STRICT_PROTOTYPES = YES;
				CLANG_WARN_SUSPICIOUS_MOVE = YES;
				CLANG_WARN_UNGUARDED_AVAILABILITY = YES_AGGRESSIVE;
				CLANG_WARN_UNREACHABLE_CODE = YES;
				CLANG_WARN__DUPLICATE_METHOD_MATCH = YES;
				COPY_PHASE_STRIP = NO;
				DEBUG_INFORMATION_FORMAT = "dwarf-with-dsym";
				DEVELOPMENT_TEAM = U27VXA72SS;
				ENABLE_NS_ASSERTIONS = NO;
				ENABLE_STRICT_OBJC_MSGSEND = YES;
				ENABLE_USER_SCRIPT_SANDBOXING = YES;
				GCC_C_LANGUAGE_STANDARD = gnu17;
				GCC_NO_COMMON_BLOCKS = YES;
				GCC_WARN_64_TO_32_BIT_CONVERSION = YES;
				GCC_WARN_ABOUT_RETURN_TYPE = YES_ERROR;
				GCC_WARN_UNDECLARED_SELECTOR = YES;
				GCC_WARN_UNINITIALIZED_AUTOS = YES_AGGRESSIVE;
				GCC_WARN_UNUSED_FUNCTION = YES;
				GCC_WARN_UNUSED_VARIABLE = YES;
				IPHONEOS_DEPLOYMENT_TARGET = 18.5;
				LOCALIZATION_PREFERS_STRING_CATALOGS = YES;
				MTL_ENABLE_DEBUG_INFO = NO;
				MTL_FAST_MATH = YES;
				SDKROOT = iphoneos;
				SWIFT_COMPILATION_MODE = wholemodule;
				VALIDATE_PRODUCT = YES;
			};
			name = Release;
		};
		58C1383C2F16BD11008DD482 /* Debug */ = {
			isa = XCBuildConfiguration;
			buildSettings = {
				ASSETCATALOG_COMPILER_APPICON_NAME = AppIcon;
				ASSETCATALOG_COMPILER_GLOBAL_ACCENT_COLOR_NAME = AccentColor;
				CODE_SIGN_ENTITLEMENTS = QuoteVault/QuoteVault.entitlements;
				CODE_SIGN_STYLE = Automatic;
				CURRENT_PROJECT_VERSION = 1;
				DEVELOPMENT_TEAM = U27VXA72SS;
				ENABLE_PREVIEWS = YES;
				GENERATE_INFOPLIST_FILE = YES;
				INFOPLIST_FILE = "";
				INFOPLIST_KEY_NSPhotoLibraryAddUsageDescription = "Save quote images to your photo library";
				INFOPLIST_KEY_UIApplicationSceneManifest_Generation = YES;
				INFOPLIST_KEY_UIApplicationSupportsIndirectInputEvents = YES;
				INFOPLIST_KEY_UILaunchScreen_Generation = YES;
				INFOPLIST_KEY_UISupportedInterfaceOrientations_iPad = "UIInterfaceOrientationPortrait UIInterfaceOrientationPortraitUpsideDown UIInterfaceOrientationLandscapeLeft UIInterfaceOrientationLandscapeRight";
				INFOPLIST_KEY_UISupportedInterfaceOrientations_iPhone = "UIInterfaceOrientationPortrait UIInterfaceOrientationLandscapeLeft UIInterfaceOrientationLandscapeRight";
				LD_RUNPATH_SEARCH_PATHS = (
					"$(inherited)",
					"@executable_path/Frameworks",
				);
				MARKETING_VERSION = 1.0;
				PRODUCT_BUNDLE_IDENTIFIER = com.sanan.quotevault;
				PRODUCT_NAME = "$(TARGET_NAME)";
				SWIFT_EMIT_LOC_STRINGS = YES;
				SWIFT_VERSION = 5.0;
				TARGETED_DEVICE_FAMILY = "1,2";
			};
			name = Debug;
		};
		58C1383D2F16BD11008DD482 /* Release */ = {
			isa = XCBuildConfiguration;
			buildSettings = {
				ASSETCATALOG_COMPILER_APPICON_NAME = AppIcon;
				ASSETCATALOG_COMPILER_GLOBAL_ACCENT_COLOR_NAME = AccentColor;
				CODE_SIGN_ENTITLEMENTS = QuoteVault/QuoteVault.entitlements;
				CODE_SIGN_STYLE = Automatic;
				CURRENT_PROJECT_VERSION = 1;
				DEVELOPMENT_TEAM = U27VXA72SS;
				ENABLE_PREVIEWS = YES;
				GENERATE_INFOPLIST_FILE = YES;
				INFOPLIST_FILE = "";
				INFOPLIST_KEY_NSPhotoLibraryAddUsageDescription = "Save quote images to your photo library";
				INFOPLIST_KEY_UIApplicationSceneManifest_Generation = YES;
				INFOPLIST_KEY_UIApplicationSupportsIndirectInputEvents = YES;
				INFOPLIST_KEY_UILaunchScreen_Generation = YES;
				INFOPLIST_KEY_UISupportedInterfaceOrientations_iPad = "UIInterfaceOrientationPortrait UIInterfaceOrientationPortraitUpsideDown UIInterfaceOrientationLandscapeLeft UIInterfaceOrientationLandscapeRight";
				INFOPLIST_KEY_UISupportedInterfaceOrientations_iPhone = "UIInterfaceOrientationPortrait UIInterfaceOrientationLandscapeLeft UIInterfaceOrientationLandscapeRight";
				LD_RUNPATH_SEARCH_PATHS = (
					"$(inherited)",
					"@executable_path/Frameworks",
				);
				MARKETING_VERSION = 1.0;
				PRODUCT_BUNDLE_IDENTIFIER = com.sanan.quotevault;
				PRODUCT_NAME = "$(TARGET_NAME)";
				SWIFT_EMIT_LOC_STRINGS = YES;
				SWIFT_VERSION = 5.0;
				TARGETED_DEVICE_FAMILY = "1,2";
			};
			name = Release;
		};
		58C1383F2F16BD11008DD482 /* Debug */ = {
			isa = XCBuildConfiguration;
			buildSettings = {
				BUNDLE_LOADER = "$(TEST_HOST)";
				CODE_SIGN_STYLE = Automatic;
				CURRENT_PROJECT_VERSION = 1;
				DEVELOPMENT_TEAM = U27VXA72SS;
				GENERATE_INFOPLIST_FILE = YES;
				IPHONEOS_DEPLOYMENT_TARGET = 18.5;
				MARKETING_VERSION = 1.0;
				PRODUCT_BUNDLE_IDENTIFIER = com.mydemo.app.QuoteVaultTests;
				PRODUCT_NAME = "$(TARGET_NAME)";
				SWIFT_EMIT_LOC_STRINGS = NO;
				SWIFT_VERSION = 5.0;
				TARGETED_DEVICE_FAMILY = "1,2";
				TEST_HOST = "$(BUILT_PRODUCTS_DIR)/QuoteVault.app/$(BUNDLE_EXECUTABLE_FOLDER_PATH)/QuoteVault";
			};
			name = Debug;
		};
		58C138402F16BD11008DD482 /* Release */ = {
			isa = XCBuildConfiguration;
			buildSettings = {
				BUNDLE_LOADER = "$(TEST_HOST)";
				CODE_SIGN_STYLE = Automatic;
				CURRENT_PROJECT_VERSION = 1;
				DEVELOPMENT_TEAM = U27VXA72SS;
				GENERATE_INFOPLIST_FILE = YES;
				IPHONEOS_DEPLOYMENT_TARGET = 18.5;
				MARKETING_VERSION = 1.0;
				PRODUCT_BUNDLE_IDENTIFIER = com.mydemo.app.QuoteVaultTests;
				PRODUCT_NAME = "$(TARGET_NAME)";
				SWIFT_EMIT_LOC_STRINGS = NO;
				SWIFT_VERSION = 5.0;
				TARGETED_DEVICE_FAMILY = "1,2";
				TEST_HOST = "$(BUILT_PRODUCTS_DIR)/QuoteVault.app/$(BUNDLE_EXECUTABLE_FOLDER_PATH)/QuoteVault";
			};
			name = Release;
		};
		58C138422F16BD11008DD482 /* Debug */ = {
			isa = XCBuildConfiguration;
			buildSettings = {
				CODE_SIGN_STYLE = Automatic;
				CURRENT_PROJECT_VERSION = 1;
				DEVELOPMENT_TEAM = U27VXA72SS;
				GENERATE_INFOPLIST_FILE = YES;
				MARKETING_VERSION = 1.0;
				PRODUCT_BUNDLE_IDENTIFIER = com.mydemo.app.QuoteVaultUITests;
				PRODUCT_NAME = "$(TARGET_NAME)";
				SWIFT_EMIT_LOC_STRINGS = NO;
				SWIFT_VERSION = 5.0;
				TARGETED_DEVICE_FAMILY = "1,2";
				TEST_TARGET_NAME = QuoteVault;
			};
			name = Debug;
		};
		58C138432F16BD11008DD482 /* Release */ = {
			isa = XCBuildConfiguration;
			buildSettings = {
				CODE_SIGN_STYLE = Automatic;
				CURRENT_PROJECT_VERSION = 1;
				DEVELOPMENT_TEAM = U27VXA72SS;
				GENERATE_INFOPLIST_FILE = YES;
				MARKETING_VERSION = 1.0;
				PRODUCT_BUNDLE_IDENTIFIER = com.mydemo.app.QuoteVaultUITests;
				PRODUCT_NAME = "$(TARGET_NAME)";
				SWIFT_EMIT_LOC_STRINGS = NO;
				SWIFT_VERSION = 5.0;
				TARGETED_DEVICE_FAMILY = "1,2";
				TEST_TARGET_NAME = QuoteVault;
			};
			name = Release;
		};
/* End XCBuildConfiguration section */

/* Begin XCConfigurationList section */
		589FCFE62F1817D600946FE6 /* Build configuration list for PBXNativeTarget "QuoteVaultWidgetExtension" */ = {
			isa = XCConfigurationList;
			buildConfigurations = (
				589FCFE42F1817D600946FE6 /* Debug */,
				589FCFE52F1817D600946FE6 /* Release */,
			);
			defaultConfigurationIsVisible = 0;
			defaultConfigurationName = Release;
		};
		58C138152F16BD0F008DD482 /* Build configuration list for PBXProject "QuoteVault" */ = {
			isa = XCConfigurationList;
			buildConfigurations = (
				58C138392F16BD11008DD482 /* Debug */,
				58C1383A2F16BD11008DD482 /* Release */,
			);
			defaultConfigurationIsVisible = 0;
			defaultConfigurationName = Release;
		};
		58C1383B2F16BD11008DD482 /* Build configuration list for PBXNativeTarget "QuoteVault" */ = {
			isa = XCConfigurationList;
			buildConfigurations = (
				58C1383C2F16BD11008DD482 /* Debug */,
				58C1383D2F16BD11008DD482 /* Release */,
			);
			defaultConfigurationIsVisible = 0;
			defaultConfigurationName = Release;
		};
		58C1383E2F16BD11008DD482 /* Build configuration list for PBXNativeTarget "QuoteVaultTests" */ = {
			isa = XCConfigurationList;
			buildConfigurations = (
				58C1383F2F16BD11008DD482 /* Debug */,
				58C138402F16BD11008DD482 /* Release */,
			);
			defaultConfigurationIsVisible = 0;
			defaultConfigurationName = Release;
		};
		58C138412F16BD11008DD482 /* Build configuration list for PBXNativeTarget "QuoteVaultUITests" */ = {
			isa = XCConfigurationList;
			buildConfigurations = (
				58C138422F16BD11008DD482 /* Debug */,
				58C138432F16BD11008DD482 /* Release */,
			);
			defaultConfigurationIsVisible = 0;
			defaultConfigurationName = Release;
		};
/* End XCConfigurationList section */

/* Begin XCRemoteSwiftPackageReference section */
		58C138882F16CDA7008DD482 /* XCRemoteSwiftPackageReference "supabase-swift" */ = {
			isa = XCRemoteSwiftPackageReference;
			repositoryURL = "https://github.com/supabase-community/supabase-swift";
			requirement = {
				kind = upToNextMajorVersion;
				minimumVersion = 2.5.1;
			};
		};
/* End XCRemoteSwiftPackageReference section */

/* Begin XCSwiftPackageProductDependency section */
		58C1388A2F16CDD6008DD482 /* Supabase */ = {
			isa = XCSwiftPackageProductDependency;
			package = 58C138882F16CDA7008DD482 /* XCRemoteSwiftPackageReference "supabase-swift" */;
			productName = Supabase;
		};
/* End XCSwiftPackageProductDependency section */
	};
	rootObject = 58C138122F16BD0F008DD482 /* Project object */;
}
